# This file is @generated by PDM.
# It is not intended for manual editing.

[metadata]
groups = ["default", "test"]
strategy = ["direct_minimal_versions"]
lock_version = "4.5.0"
content_hash = "sha256:9805c60016c148d816be64857331c0e4fc6f306710b2e639cc09f4813e78a923"

[[metadata.targets]]
requires_python = "~=3.13"

[[package]]
name = "amaranth"
version = "0.5.1"
requires_python = "~=3.8"
summary = "Amaranth hardware definition language"
dependencies = [
    "Jinja2~=3.0",
    "importlib-resources; python_version < \"3.9\"",
    "jschon~=0.11.1",
    "pyvcd<0.5,>=0.2.2",
]
files = [
    {file = "amaranth-0.5.1-py3-none-any.whl", hash = "sha256:2d370cc5b97e2472aab0a4eca515ab7f5116274550bd454132520eaec6068fb6"},
    {file = "amaranth-0.5.1.tar.gz", hash = "sha256:58b01efcec24c3696a7465e97a6e62f46466afab1f956a6eb00bda4b791c8345"},
]

[[package]]
name = "amaranth-boards"
version = "0.1.dev256"
requires_python = "~=3.9"
git = "https://github.com/amaranth-lang/amaranth-boards"
revision = "6e01882eefd62cf19f5740406144632fe2d21947"
summary = "Board and connector definitions for Amaranth HDL"
dependencies = [
    "amaranth<0.7,>=0.5",
]

[[package]]
name = "amaranth-cv32e40p"
version = "0.0.0"
requires_python = "<4.0,>=3.8"
git = "https://github.com/ChipFlow/amaranth-cv32e40p"
revision = "d6662e76bbb13785cd3afc6644c884a92354fe99"
summary = "CV32E40P and Amaranth Integration"
dependencies = [
    "amaranth>=0.5",
]

[[package]]
name = "amaranth-orchard"
version = "0.1.dev49"
requires_python = ">=3.10"
git = "https://github.com/ChipFlow/amaranth-orchard"
revision = "6f3d2825dfdeaa75d79798b602d43a2d01c26bd1"
summary = "curated collection of Amaranth cores"
dependencies = [
    "amaranth-soc @ git+https://github.com/amaranth-lang/amaranth-soc",
    "amaranth-stdio @ git+https://github.com/amaranth-lang/amaranth-stdio",
    "amaranth<0.6,>=0.5",
    "chipflow-lib @ git+https://github.com/ChipFlow/chipflow-lib.git",
]

[[package]]
name = "amaranth-soc"
version = "0.1a1.dev24"
requires_python = "~=3.9"
git = "https://github.com/amaranth-lang/amaranth-soc"
revision = "5c43cf58f15d9cd9c69ff83c97997708d386b2dc"
summary = "System on Chip toolkit for Amaranth HDL"
dependencies = [
    "amaranth<0.6,>=0.5",
]

[[package]]
name = "amaranth-stdio"
version = "0.1.dev36"
requires_python = "~=3.9"
git = "https://github.com/amaranth-lang/amaranth-stdio"
revision = "618a13fb7108f69197d698df4d64c203553deaae"
summary = "Industry standard I/O for Amaranth HDL"
dependencies = [
    "amaranth<0.6,>=0.5",
]

[[package]]
name = "amaranth-yosys"
version = "0.50.0.0.post107"
requires_python = "~=3.8"
summary = "Specialized WebAssembly build of Yosys used by Amaranth HDL"
dependencies = [
    "importlib-resources>=1.4; python_version < \"3.9\"",
    "wasmtime<31,>=1",
]
files = [
    {file = "amaranth_yosys-0.50.0.0.post107-py3-none-any.whl", hash = "sha256:fe3ba7f14176399f5ed59a578bafdf0feea3b1cb26b2bcc299f13bdf6fae98be"},
]

[[package]]
name = "amaranth"
version = "0.5.1"
extras = ["builtin-yosys"]
requires_python = "~=3.8"
summary = "Amaranth hardware definition language"
dependencies = [
    "amaranth-yosys>=0.40",
    "amaranth==0.5.1",
]
files = [
    {file = "amaranth-0.5.1-py3-none-any.whl", hash = "sha256:2d370cc5b97e2472aab0a4eca515ab7f5116274550bd454132520eaec6068fb6"},
    {file = "amaranth-0.5.1.tar.gz", hash = "sha256:58b01efcec24c3696a7465e97a6e62f46466afab1f956a6eb00bda4b791c8345"},
]

[[package]]
name = "annotated-types"
version = "0.7.0"
requires_python = ">=3.8"
summary = "Reusable constraint types to use with typing.Annotated"
dependencies = [
    "typing-extensions>=4.0.0; python_version < \"3.9\"",
]
files = [
    {file = "annotated_types-0.7.0-py3-none-any.whl", hash = "sha256:1f02e8b43a8fbbc3f3e0d4f0f4bfc8131bcb4eebe8849b8e5c773f3a1c582a53"},
    {file = "annotated_types-0.7.0.tar.gz", hash = "sha256:aff07c09a53a08bc8cfccb9c85b05f1aa9a2a6f23728d790723543408344ce89"},
]

[[package]]
name = "attrs"
version = "25.2.0"
requires_python = ">=3.8"
summary = "Classes Without Boilerplate"
files = [
    {file = "attrs-25.2.0-py3-none-any.whl", hash = "sha256:611344ff0a5fed735d86d7784610c84f8126b95e549bcad9ff61b4242f2d386b"},
    {file = "attrs-25.2.0.tar.gz", hash = "sha256:18a06db706db43ac232cce80443fcd9f2500702059ecf53489e3c5a3f417acaf"},
]

[[package]]
name = "certifi"
version = "2025.1.31"
requires_python = ">=3.6"
summary = "Python package for providing Mozilla's CA Bundle."
files = [
    {file = "certifi-2025.1.31-py3-none-any.whl", hash = "sha256:ca78db4565a652026a4db2bcdf68f2fb589ea80d0be70e03929ed730746b84fe"},
    {file = "certifi-2025.1.31.tar.gz", hash = "sha256:3d5da6925056f6f18f119200434a4780a94263f10d1c21d032a6f6b2baa20651"},
]

[[package]]
name = "charset-normalizer"
version = "3.4.1"
requires_python = ">=3.7"
summary = "The Real First Universal Charset Detector. Open, modern and actively maintained alternative to Chardet."
files = [
    {file = "charset_normalizer-3.4.1-cp313-cp313-macosx_10_13_universal2.whl", hash = "sha256:aabfa34badd18f1da5ec1bc2715cadc8dca465868a4e73a0173466b688f29dda"},
    {file = "charset_normalizer-3.4.1-cp313-cp313-manylinux_2_17_aarch64.manylinux2014_aarch64.whl", hash = "sha256:22e14b5d70560b8dd51ec22863f370d1e595ac3d024cb8ad7d308b4cd95f8313"},
    {file = "charset_normalizer-3.4.1-cp313-cp313-manylinux_2_17_ppc64le.manylinux2014_ppc64le.whl", hash = "sha256:8436c508b408b82d87dc5f62496973a1805cd46727c34440b0d29d8a2f50a6c9"},
    {file = "charset_normalizer-3.4.1-cp313-cp313-manylinux_2_17_s390x.manylinux2014_s390x.whl", hash = "sha256:2d074908e1aecee37a7635990b2c6d504cd4766c7bc9fc86d63f9c09af3fa11b"},
    {file = "charset_normalizer-3.4.1-cp313-cp313-manylinux_2_17_x86_64.manylinux2014_x86_64.whl", hash = "sha256:955f8851919303c92343d2f66165294848d57e9bba6cf6e3625485a70a038d11"},
    {file = "charset_normalizer-3.4.1-cp313-cp313-manylinux_2_5_i686.manylinux1_i686.manylinux_2_17_i686.manylinux2014_i686.whl", hash = "sha256:44ecbf16649486d4aebafeaa7ec4c9fed8b88101f4dd612dcaf65d5e815f837f"},
    {file = "charset_normalizer-3.4.1-cp313-cp313-musllinux_1_2_aarch64.whl", hash = "sha256:0924e81d3d5e70f8126529951dac65c1010cdf117bb75eb02dd12339b57749dd"},
    {file = "charset_normalizer-3.4.1-cp313-cp313-musllinux_1_2_i686.whl", hash = "sha256:2967f74ad52c3b98de4c3b32e1a44e32975e008a9cd2a8cc8966d6a5218c5cb2"},
    {file = "charset_normalizer-3.4.1-cp313-cp313-musllinux_1_2_ppc64le.whl", hash = "sha256:c75cb2a3e389853835e84a2d8fb2b81a10645b503eca9bcb98df6b5a43eb8886"},
    {file = "charset_normalizer-3.4.1-cp313-cp313-musllinux_1_2_s390x.whl", hash = "sha256:09b26ae6b1abf0d27570633b2b078a2a20419c99d66fb2823173d73f188ce601"},
    {file = "charset_normalizer-3.4.1-cp313-cp313-musllinux_1_2_x86_64.whl", hash = "sha256:fa88b843d6e211393a37219e6a1c1df99d35e8fd90446f1118f4216e307e48cd"},
    {file = "charset_normalizer-3.4.1-cp313-cp313-win32.whl", hash = "sha256:eb8178fe3dba6450a3e024e95ac49ed3400e506fd4e9e5c32d30adda88cbd407"},
    {file = "charset_normalizer-3.4.1-cp313-cp313-win_amd64.whl", hash = "sha256:b1ac5992a838106edb89654e0aebfc24f5848ae2547d22c2c3f66454daa11971"},
    {file = "charset_normalizer-3.4.1-py3-none-any.whl", hash = "sha256:d98b1668f06378c6dbefec3b92299716b931cd4e6061f3c875a71ced1780ab85"},
    {file = "charset_normalizer-3.4.1.tar.gz", hash = "sha256:44251f18cd68a75b56585dd00dae26183e102cd5e0f9f1466e6df5da2ed64ea3"},
]

[[package]]
name = "chipflow-lib"
version = "0.1.1.dev139"
requires_python = ">=3.10"
git = "https://github.com/ChipFlow/chipflow-lib.git"
revision = "d6b78331b3a104c95499fd3a0d916b9be4307f7a"
summary = "ChipFlow common tools."
dependencies = [
    "amaranth-boards @ git+https://github.com/amaranth-lang/amaranth-boards",
    "amaranth-soc @ git+https://github.com/amaranth-lang/amaranth-soc",
    "amaranth<0.7,>=0.5",
    "doit>=0.36.0",
    "jsonschema>=4.8.0",
    "pydantic>=2.8",
    "python-dotenv>=1.0.1",
    "requests>=2.20",
    "tomli>=2.0.1",
    "yowasp-nextpnr-ecp5>=0.7",
    "yowasp-runtime",
    "yowasp-yosys>=0.41.0.0",
]

[[package]]
name = "click"
version = "8.1.8"
requires_python = ">=3.7"
summary = "Composable command line interface toolkit"
dependencies = [
    "colorama; platform_system == \"Windows\"",
    "importlib-metadata; python_version < \"3.8\"",
]
files = [
    {file = "click-8.1.8-py3-none-any.whl", hash = "sha256:63c132bbbed01578a06712a2d1f497bb62d9c1c0d329b7903a866228027263b2"},
    {file = "click-8.1.8.tar.gz", hash = "sha256:ed53c9d8990d83c2a27deae68e4ee337473f6330c040a31d4225c9574d16096a"},
]

[[package]]
name = "cloudpickle"
version = "3.1.1"
requires_python = ">=3.8"
summary = "Pickler class to extend the standard pickle.Pickler functionality"
files = [
    {file = "cloudpickle-3.1.1-py3-none-any.whl", hash = "sha256:c8c5a44295039331ee9dad40ba100a9c7297b6f988e50e87ccdf3765a668350e"},
    {file = "cloudpickle-3.1.1.tar.gz", hash = "sha256:b216fa8ae4019d5482a8ac3c95d8f6346115d8835911fd4aefd1a445e4242c64"},
]

[[package]]
name = "cocotb"
version = "1.9.2"
requires_python = ">=3.6"
summary = "cocotb is a coroutine based cosimulation library for writing VHDL and Verilog testbenches in Python."
dependencies = [
    "find-libpython",
]
files = [
    {file = "cocotb-1.9.2-cp313-cp313-macosx_10_13_x86_64.whl", hash = "sha256:a60f6b3c4e4f5e9265a18c86927af1d773fb79b32edf577ce2ba8d59d74acafc"},
    {file = "cocotb-1.9.2-cp313-cp313-manylinux_2_17_x86_64.manylinux2014_x86_64.whl", hash = "sha256:9cc00e5ddf5fea392a8a3406869396c7e5a736a08afc8e0fe45ad159151438ba"},
    {file = "cocotb-1.9.2-cp313-cp313-manylinux_2_5_i686.manylinux1_i686.manylinux_2_17_i686.manylinux2014_i686.whl", hash = "sha256:6264826ee4dd6acc678dd2572f3cd683da6a48013af82de81bf8a45b5e064b8e"},
    {file = "cocotb-1.9.2-cp313-cp313-win32.whl", hash = "sha256:7cdb25ca9dd2483d96f30b1cf3c070e4a6527d43e0af2d66660de29727c81cd4"},
    {file = "cocotb-1.9.2-cp313-cp313-win_amd64.whl", hash = "sha256:c816972ec4b3360372075fb0563cf98e8ad7d0f158e8dfe3165824936383a888"},
    {file = "cocotb-1.9.2.tar.gz", hash = "sha256:e4cdeaf51ec1b14e5430083ac56edc0b48ad05184f0307d90de44ff7bfdb1652"},
]

[[package]]
name = "colorama"
version = "0.4.6"
requires_python = "!=3.0.*,!=3.1.*,!=3.2.*,!=3.3.*,!=3.4.*,!=3.5.*,!=3.6.*,>=2.7"
summary = "Cross-platform colored terminal text."
files = [
    {file = "colorama-0.4.6-py2.py3-none-any.whl", hash = "sha256:4f1d9991f5acc0ca119f9d443620b77f9d6b33703e51011c16baf57afb285fc6"},
    {file = "colorama-0.4.6.tar.gz", hash = "sha256:08695f5cb7ed6e0531a20572697297273c47b8cae5a63ffc6d6ed5c201be6e44"},
]

[[package]]
name = "doit"
version = "0.36.0"
requires_python = ">=3.8"
summary = "doit - Automation Tool"
dependencies = [
    "cloudpickle",
    "importlib-metadata>=4.4",
]
files = [
    {file = "doit-0.36.0-py3-none-any.whl", hash = "sha256:ebc285f6666871b5300091c26eafdff3de968a6bd60ea35dd1e3fc6f2e32479a"},
    {file = "doit-0.36.0.tar.gz", hash = "sha256:71d07ccc9514cb22fe59d98999577665eaab57e16f644d04336ae0b4bae234bc"},
]

[[package]]
name = "find-libpython"
version = "0.4.0"
summary = "Finds the libpython associated with your environment, wherever it may be hiding"
files = [
    {file = "find_libpython-0.4.0-py3-none-any.whl", hash = "sha256:034a4253bd57da3408aefc59aeac1650150f6c1f42e10fdd31615cf1df0842e3"},
    {file = "find_libpython-0.4.0.tar.gz", hash = "sha256:46f9cdcd397ddb563b2d7592ded3796a41c1df5222443bd9d981721c906c03e6"},
]

[[package]]
name = "idna"
version = "3.10"
requires_python = ">=3.6"
summary = "Internationalized Domain Names in Applications (IDNA)"
files = [
    {file = "idna-3.10-py3-none-any.whl", hash = "sha256:946d195a0d259cbba61165e88e65941f16e9b36ea6ddb97f00452bae8b1287d3"},
    {file = "idna-3.10.tar.gz", hash = "sha256:12f65c9b470abda6dc35cf8e63cc574b1c52b11df2c86030af0ac09b01b13ea9"},
]

[[package]]
name = "importlib-metadata"
version = "8.6.1"
requires_python = ">=3.9"
summary = "Read metadata from Python packages"
dependencies = [
    "typing-extensions>=3.6.4; python_version < \"3.8\"",
    "zipp>=3.20",
]
files = [
    {file = "importlib_metadata-8.6.1-py3-none-any.whl", hash = "sha256:02a89390c1e15fdfdc0d7c6b25cb3e62650d0494005c97d6f148bf5b9787525e"},
    {file = "importlib_metadata-8.6.1.tar.gz", hash = "sha256:310b41d755445d74569f993ccfc22838295d9fe005425094fad953d7f15c8580"},
]

[[package]]
name = "importlib-resources"
version = "6.5.2"
requires_python = ">=3.9"
summary = "Read resources from Python packages"
dependencies = [
    "zipp>=3.1.0; python_version < \"3.10\"",
]
files = [
    {file = "importlib_resources-6.5.2-py3-none-any.whl", hash = "sha256:789cfdc3ed28c78b67a06acb8126751ced69a3d5f79c095a98298cd8a760ccec"},
    {file = "importlib_resources-6.5.2.tar.gz", hash = "sha256:185f87adef5bcc288449d98fb4fba07cea78bc036455dd44c5fc4a2fe78fed2c"},
]

[[package]]
name = "iniconfig"
version = "2.0.0"
requires_python = ">=3.7"
summary = "brain-dead simple config-ini parsing"
files = [
    {file = "iniconfig-2.0.0-py3-none-any.whl", hash = "sha256:b6a85871a79d2e3b22d2d1b94ac2824226a63c6b741c88f7ae975f18b6778374"},
    {file = "iniconfig-2.0.0.tar.gz", hash = "sha256:2d91e135bf72d31a410b17c16da610a82cb55f6b0477d1a902134b24a455b8b3"},
]

[[package]]
name = "jinja2"
version = "3.1.6"
requires_python = ">=3.7"
summary = "A very fast and expressive template engine."
dependencies = [
    "MarkupSafe>=2.0",
]
files = [
    {file = "jinja2-3.1.6-py3-none-any.whl", hash = "sha256:85ece4451f492d0c13c5dd7c13a64681a86afae63a5f347908daf103ce6d2f67"},
    {file = "jinja2-3.1.6.tar.gz", hash = "sha256:0137fb05990d35f1275a587e9aee6d56da821fc83491a0fb838183be43f66d6d"},
]

[[package]]
name = "jschon"
version = "0.11.1"
requires_python = "~=3.8"
summary = "A JSON toolkit for Python developers."
dependencies = [
    "rfc3986",
]
files = [
    {file = "jschon-0.11.1-py3-none-any.whl", hash = "sha256:2350e8b6747b17358022960f91208bea70de448b914827af3184d30e20500f0f"},
    {file = "jschon-0.11.1.tar.gz", hash = "sha256:c0ca0beab1f1694a03d726b91ed75ec604a7787af3ae91ead765f78215bf149f"},
]

[[package]]
name = "jsonschema"
version = "4.23.0"
requires_python = ">=3.8"
summary = "An implementation of JSON Schema validation for Python"
dependencies = [
    "attrs>=22.2.0",
    "importlib-resources>=1.4.0; python_version < \"3.9\"",
    "jsonschema-specifications>=2023.03.6",
    "pkgutil-resolve-name>=1.3.10; python_version < \"3.9\"",
    "referencing>=0.28.4",
    "rpds-py>=0.7.1",
]
files = [
    {file = "jsonschema-4.23.0-py3-none-any.whl", hash = "sha256:fbadb6f8b144a8f8cf9f0b89ba94501d143e50411a1278633f56a7acf7fd5566"},
    {file = "jsonschema-4.23.0.tar.gz", hash = "sha256:d71497fef26351a33265337fa77ffeb82423f3ea21283cd9467bb03999266bc4"},
]

[[package]]
name = "jsonschema-specifications"
version = "2024.10.1"
requires_python = ">=3.9"
summary = "The JSON Schema meta-schemas and vocabularies, exposed as a Registry"
dependencies = [
    "referencing>=0.31.0",
]
files = [
    {file = "jsonschema_specifications-2024.10.1-py3-none-any.whl", hash = "sha256:a09a0680616357d9a0ecf05c12ad234479f549239d0f5b55f3deea67475da9bf"},
    {file = "jsonschema_specifications-2024.10.1.tar.gz", hash = "sha256:0f38b83639958ce1152d02a7f062902c41c8fd20d558b0c34344292d417ae272"},
]

[[package]]
name = "markupsafe"
version = "3.0.2"
requires_python = ">=3.9"
summary = "Safely add untrusted strings to HTML/XML markup."
files = [
    {file = "MarkupSafe-3.0.2-cp313-cp313-macosx_10_13_universal2.whl", hash = "sha256:ba9527cdd4c926ed0760bc301f6728ef34d841f405abf9d4f959c478421e4efd"},
    {file = "MarkupSafe-3.0.2-cp313-cp313-macosx_11_0_arm64.whl", hash = "sha256:f8b3d067f2e40fe93e1ccdd6b2e1d16c43140e76f02fb1319a05cf2b79d99430"},
    {file = "MarkupSafe-3.0.2-cp313-cp313-manylinux_2_17_aarch64.manylinux2014_aarch64.whl", hash = "sha256:569511d3b58c8791ab4c2e1285575265991e6d8f8700c7be0e88f86cb0672094"},
    {file = "MarkupSafe-3.0.2-cp313-cp313-manylinux_2_17_x86_64.manylinux2014_x86_64.whl", hash = "sha256:15ab75ef81add55874e7ab7055e9c397312385bd9ced94920f2802310c930396"},
    {file = "MarkupSafe-3.0.2-cp313-cp313-manylinux_2_5_i686.manylinux1_i686.manylinux_2_17_i686.manylinux2014_i686.whl", hash = "sha256:f3818cb119498c0678015754eba762e0d61e5b52d34c8b13d770f0719f7b1d79"},
    {file = "MarkupSafe-3.0.2-cp313-cp313-musllinux_1_2_aarch64.whl", hash = "sha256:cdb82a876c47801bb54a690c5ae105a46b392ac6099881cdfb9f6e95e4014c6a"},
    {file = "MarkupSafe-3.0.2-cp313-cp313-musllinux_1_2_i686.whl", hash = "sha256:cabc348d87e913db6ab4aa100f01b08f481097838bdddf7c7a84b7575b7309ca"},
    {file = "MarkupSafe-3.0.2-cp313-cp313-musllinux_1_2_x86_64.whl", hash = "sha256:444dcda765c8a838eaae23112db52f1efaf750daddb2d9ca300bcae1039adc5c"},
    {file = "MarkupSafe-3.0.2-cp313-cp313-win32.whl", hash = "sha256:bcf3e58998965654fdaff38e58584d8937aa3096ab5354d493c77d1fdd66d7a1"},
    {file = "MarkupSafe-3.0.2-cp313-cp313-win_amd64.whl", hash = "sha256:e6a2a455bd412959b57a172ce6328d2dd1f01cb2135efda2e4576e8a23fa3b0f"},
    {file = "MarkupSafe-3.0.2-cp313-cp313t-macosx_10_13_universal2.whl", hash = "sha256:b5a6b3ada725cea8a5e634536b1b01c30bcdcd7f9c6fff4151548d5bf6b3a36c"},
    {file = "MarkupSafe-3.0.2-cp313-cp313t-macosx_11_0_arm64.whl", hash = "sha256:a904af0a6162c73e3edcb969eeeb53a63ceeb5d8cf642fade7d39e7963a22ddb"},
    {file = "MarkupSafe-3.0.2-cp313-cp313t-manylinux_2_17_aarch64.manylinux2014_aarch64.whl", hash = "sha256:4aa4e5faecf353ed117801a068ebab7b7e09ffb6e1d5e412dc852e0da018126c"},
    {file = "MarkupSafe-3.0.2-cp313-cp313t-manylinux_2_17_x86_64.manylinux2014_x86_64.whl", hash = "sha256:c0ef13eaeee5b615fb07c9a7dadb38eac06a0608b41570d8ade51c56539e509d"},
    {file = "MarkupSafe-3.0.2-cp313-cp313t-manylinux_2_5_i686.manylinux1_i686.manylinux_2_17_i686.manylinux2014_i686.whl", hash = "sha256:d16a81a06776313e817c951135cf7340a3e91e8c1ff2fac444cfd75fffa04afe"},
    {file = "MarkupSafe-3.0.2-cp313-cp313t-musllinux_1_2_aarch64.whl", hash = "sha256:6381026f158fdb7c72a168278597a5e3a5222e83ea18f543112b2662a9b699c5"},
    {file = "MarkupSafe-3.0.2-cp313-cp313t-musllinux_1_2_i686.whl", hash = "sha256:3d79d162e7be8f996986c064d1c7c817f6df3a77fe3d6859f6f9e7be4b8c213a"},
    {file = "MarkupSafe-3.0.2-cp313-cp313t-musllinux_1_2_x86_64.whl", hash = "sha256:131a3c7689c85f5ad20f9f6fb1b866f402c445b220c19fe4308c0b147ccd2ad9"},
    {file = "MarkupSafe-3.0.2-cp313-cp313t-win32.whl", hash = "sha256:ba8062ed2cf21c07a9e295d5b8a2a5ce678b913b45fdf68c32d95d6c1291e0b6"},
    {file = "MarkupSafe-3.0.2-cp313-cp313t-win_amd64.whl", hash = "sha256:e444a31f8db13eb18ada366ab3cf45fd4b31e4db1236a4448f68778c1d1a5a2f"},
    {file = "markupsafe-3.0.2.tar.gz", hash = "sha256:ee55d3edf80167e48ea11a923c7386f4669df67d7994554387f84e7d8b0a2bf0"},
]

[[package]]
name = "packaging"
version = "24.2"
requires_python = ">=3.8"
summary = "Core utilities for Python packages"
files = [
    {file = "packaging-24.2-py3-none-any.whl", hash = "sha256:09abb1bccd265c01f4a3aa3f7a7db064b36514d2cba19a2f694fe6150451a759"},
    {file = "packaging-24.2.tar.gz", hash = "sha256:c228a6dc5e932d346bc5739379109d49e8853dd8223571c7c5b55260edc0b97f"},
]

[[package]]
name = "platformdirs"
version = "4.3.6"
requires_python = ">=3.8"
summary = "A small Python package for determining appropriate platform-specific dirs, e.g. a `user data dir`."
files = [
    {file = "platformdirs-4.3.6-py3-none-any.whl", hash = "sha256:73e575e1408ab8103900836b97580d5307456908a03e92031bab39e4554cc3fb"},
    {file = "platformdirs-4.3.6.tar.gz", hash = "sha256:357fb2acbc885b0419afd3ce3ed34564c13c9b95c89360cd9563f73aa5e2b907"},
]

[[package]]
name = "pluggy"
version = "1.5.0"
requires_python = ">=3.8"
summary = "plugin and hook calling mechanisms for python"
files = [
    {file = "pluggy-1.5.0-py3-none-any.whl", hash = "sha256:44e1ad92c8ca002de6377e165f3e0f1be63266ab4d554740532335b9d75ea669"},
    {file = "pluggy-1.5.0.tar.gz", hash = "sha256:2cffa88e94fdc978c4c574f15f9e59b7f4201d439195c3715ca9e2486f1d0cf1"},
]

[[package]]
name = "pydantic"
version = "2.11.0b1"
requires_python = ">=3.9"
summary = "Data validation using Python type hints"
dependencies = [
    "annotated-types>=0.6.0",
    "pydantic-core==2.31.1",
    "typing-extensions>=4.12.2",
    "typing-inspection>=0.4.0",
]
files = [
    {file = "pydantic-2.11.0b1-py3-none-any.whl", hash = "sha256:d7c1cc3a053845383d00e6f3d455e9b374fe21e3c52083a5e7bcd8202bcb5103"},
    {file = "pydantic-2.11.0b1.tar.gz", hash = "sha256:47ea8082d748ee14f7be613787e32b76111112add84eb6e313cc47000c4cd4e8"},
]

[[package]]
name = "pydantic-core"
version = "2.31.1"
requires_python = ">=3.9"
summary = "Core functionality for Pydantic validation and serialization"
dependencies = [
    "typing-extensions!=4.7.0,>=4.6.0",
]
files = [
    {file = "pydantic_core-2.31.1-cp313-cp313-macosx_10_12_x86_64.whl", hash = "sha256:5bbd84f5260921eff94d539bc77fa7a691af872fa0b1a8927a7099b4c0ea3ea9"},
    {file = "pydantic_core-2.31.1-cp313-cp313-macosx_11_0_arm64.whl", hash = "sha256:23dbcc742114fa5df9422820990e3218305a1cf4914fda9c0f20295dab85ec78"},
    {file = "pydantic_core-2.31.1-cp313-cp313-manylinux_2_17_aarch64.manylinux2014_aarch64.whl", hash = "sha256:177f32ce90f007b8882ab1b2afceb91d95c0890100afe953f34bf7cf6c25b1ba"},
    {file = "pydantic_core-2.31.1-cp313-cp313-manylinux_2_17_armv7l.manylinux2014_armv7l.whl", hash = "sha256:6227083598fc78463840a8af27345cdfd5f553eef7b1f960282ee8ffa482a38f"},
    {file = "pydantic_core-2.31.1-cp313-cp313-manylinux_2_17_ppc64le.manylinux2014_ppc64le.whl", hash = "sha256:fd3f3725c01219466df8ed57c58e1fce63a5404db6b57cb4bd89ab6104d5ee6c"},
    {file = "pydantic_core-2.31.1-cp313-cp313-manylinux_2_17_s390x.manylinux2014_s390x.whl", hash = "sha256:eaa17e5ad58baae609294d1996c0465435b2966cef68fc782cc2453a55df02db"},
    {file = "pydantic_core-2.31.1-cp313-cp313-manylinux_2_17_x86_64.manylinux2014_x86_64.whl", hash = "sha256:88e7d9d4c309b6da26ecb032d44709f7171e92cefa71d3f295f8e84a55df8f4d"},
    {file = "pydantic_core-2.31.1-cp313-cp313-manylinux_2_5_i686.manylinux1_i686.whl", hash = "sha256:9c39d7c431ff980a1c2d2cd1e2b33a7f825cd248f9598d12a0417758e938106e"},
    {file = "pydantic_core-2.31.1-cp313-cp313-musllinux_1_1_aarch64.whl", hash = "sha256:1c5f89c0eb10508bb6b973ff9b8da509f5981ec323600c7855f4f77666b59400"},
    {file = "pydantic_core-2.31.1-cp313-cp313-musllinux_1_1_armv7l.whl", hash = "sha256:5d3e7dbff0a4a8c849af7567c402ed5803be98256d9d49848aa3cc52dab803d8"},
    {file = "pydantic_core-2.31.1-cp313-cp313-musllinux_1_1_x86_64.whl", hash = "sha256:8597c6d74ac1015e831cc705b6a73df229ffe5049db008c38536bbe160ac91d5"},
    {file = "pydantic_core-2.31.1-cp313-cp313-win32.whl", hash = "sha256:0e915a3b80909c9b138c7c61885f726f7d6edc91dc6238699fa3d4fcd934847c"},
    {file = "pydantic_core-2.31.1-cp313-cp313-win_amd64.whl", hash = "sha256:4e7f2846b1c0440d93de69ab96fb65f9d9c485e7679d73affec3b8c43ce91b18"},
    {file = "pydantic_core-2.31.1-cp313-cp313-win_arm64.whl", hash = "sha256:7ab83864346cab0376d3069ae7450515a206114a14f2af8cc104f1717c557e16"},
    {file = "pydantic_core-2.31.1-cp313-cp313t-macosx_11_0_arm64.whl", hash = "sha256:48a16c9d09871d8a6a66d4846a733c4afa8fcd2449cc16f6a61addfa3db7f835"},
    {file = "pydantic_core-2.31.1-cp313-cp313t-manylinux_2_17_x86_64.manylinux2014_x86_64.whl", hash = "sha256:0b647890355b721aa0cc03de2529c8d6d5da55d855c0f08b8b100792db71c121"},
    {file = "pydantic_core-2.31.1-cp313-cp313t-win_amd64.whl", hash = "sha256:dd286557c4e3b1633c11f282616114896817610b1f9a41c3a9f2047d508a5350"},
    {file = "pydantic_core-2.31.1.tar.gz", hash = "sha256:a9cc2f56cba2b78b487325ff3de016a70670b615eaf00cad88cb17f271e01971"},
]

[[package]]
name = "pytest"
version = "7.3.1"
requires_python = ">=3.7"
summary = "pytest: simple powerful testing with Python"
dependencies = [
    "colorama; sys_platform == \"win32\"",
    "exceptiongroup>=1.0.0rc8; python_version < \"3.11\"",
    "importlib-metadata>=0.12; python_version < \"3.8\"",
    "iniconfig",
    "packaging",
    "pluggy<2.0,>=0.12",
    "tomli>=1.0.0; python_version < \"3.11\"",
]
files = [
    {file = "pytest-7.3.1-py3-none-any.whl", hash = "sha256:3799fa815351fea3a5e96ac7e503a96fa51cc9942c3753cda7651b93c1cfa362"},
    {file = "pytest-7.3.1.tar.gz", hash = "sha256:434afafd78b1d78ed0addf160ad2b77a30d35d4bdf8af234fe621919d9ed15e3"},
]

[[package]]
name = "python-dotenv"
version = "1.0.1"
requires_python = ">=3.8"
summary = "Read key-value pairs from a .env file and set them as environment variables"
files = [
    {file = "python-dotenv-1.0.1.tar.gz", hash = "sha256:e324ee90a023d808f1959c46bcbc04446a10ced277783dc6ee09987c37ec10ca"},
    {file = "python_dotenv-1.0.1-py3-none-any.whl", hash = "sha256:f7b63ef50f1b690dddf550d03497b66d609393b40b564ed0d674909a68ebf16a"},
]

[[package]]
name = "pyuvm"
version = "3.0.0"
requires_python = ">=3.6"
summary = "A Python implementation of the UVM using cocotb"
dependencies = [
    "cocotb<2.0,>=1.6.0",
]
files = [
    {file = "pyuvm-3.0.0-py3-none-any.whl", hash = "sha256:5a389e70639ffd7c3d45bbf6e5ed093b3b7d86150ecb2f3ffad8aa75aa04ee89"},
    {file = "pyuvm-3.0.0.tar.gz", hash = "sha256:45b22663e1a7d9ed7fbd55a4074ab5a5f673a84f1fb12e1f0bce6f3b01aaee66"},
]

[[package]]
name = "pyvcd"
version = "0.4.1"
requires_python = ">=3.7"
summary = "Python VCD file support"
files = [
    {file = "pyvcd-0.4.1-py2.py3-none-any.whl", hash = "sha256:3a4c71d4dce741f1155a2ed11a6278390a0816293068f6162ad9658d20f75578"},
    {file = "pyvcd-0.4.1.tar.gz", hash = "sha256:dc6275e95a7949b8236086ab2e6d03afede73441243ec5109c9ea89077f3d696"},
]

[[package]]
name = "referencing"
version = "0.36.2"
requires_python = ">=3.9"
summary = "JSON Referencing + Python"
dependencies = [
    "attrs>=22.2.0",
    "rpds-py>=0.7.0",
    "typing-extensions>=4.4.0; python_version < \"3.13\"",
]
files = [
    {file = "referencing-0.36.2-py3-none-any.whl", hash = "sha256:e8699adbbf8b5c7de96d8ffa0eb5c158b3beafce084968e2ea8bb08c6794dcd0"},
    {file = "referencing-0.36.2.tar.gz", hash = "sha256:df2e89862cd09deabbdba16944cc3f10feb6b3e6f18e902f7cc25609a34775aa"},
]

[[package]]
name = "requests"
version = "2.32.3"
requires_python = ">=3.8"
summary = "Python HTTP for Humans."
dependencies = [
    "certifi>=2017.4.17",
    "charset-normalizer<4,>=2",
    "idna<4,>=2.5",
    "urllib3<3,>=1.21.1",
]
files = [
    {file = "requests-2.32.3-py3-none-any.whl", hash = "sha256:70761cfe03c773ceb22aa2f671b4757976145175cdfca038c02654d061d6dcc6"},
    {file = "requests-2.32.3.tar.gz", hash = "sha256:55365417734eb18255590a9ff9eb97e9e1da868d4ccd6402399eaf68af20a760"},
]

[[package]]
name = "rfc3986"
version = "2.0.0"
requires_python = ">=3.7"
summary = "Validating URI References per RFC 3986"
files = [
    {file = "rfc3986-2.0.0-py2.py3-none-any.whl", hash = "sha256:50b1502b60e289cb37883f3dfd34532b8873c7de9f49bb546641ce9cbd256ebd"},
    {file = "rfc3986-2.0.0.tar.gz", hash = "sha256:97aacf9dbd4bfd829baad6e6309fa6573aaf1be3f6fa735c8ab05e46cecb261c"},
]

[[package]]
name = "rpds-py"
version = "0.23.1"
requires_python = ">=3.9"
summary = "Python bindings to Rust's persistent data structures (rpds)"
files = [
    {file = "rpds_py-0.23.1-cp313-cp313-macosx_10_12_x86_64.whl", hash = "sha256:4caafd1a22e5eaa3732acb7672a497123354bef79a9d7ceed43387d25025e935"},
    {file = "rpds_py-0.23.1-cp313-cp313-macosx_11_0_arm64.whl", hash = "sha256:178f8a60fc24511c0eb756af741c476b87b610dba83270fce1e5a430204566a4"},
    {file = "rpds_py-0.23.1-cp313-cp313-manylinux_2_17_aarch64.manylinux2014_aarch64.whl", hash = "sha256:c632419c3870507ca20a37c8f8f5352317aca097639e524ad129f58c125c61c6"},
    {file = "rpds_py-0.23.1-cp313-cp313-manylinux_2_17_armv7l.manylinux2014_armv7l.whl", hash = "sha256:698a79d295626ee292d1730bc2ef6e70a3ab135b1d79ada8fde3ed0047b65a10"},
    {file = "rpds_py-0.23.1-cp313-cp313-manylinux_2_17_ppc64le.manylinux2014_ppc64le.whl", hash = "sha256:271fa2184cf28bdded86bb6217c8e08d3a169fe0bbe9be5e8d96e8476b707122"},
    {file = "rpds_py-0.23.1-cp313-cp313-manylinux_2_17_s390x.manylinux2014_s390x.whl", hash = "sha256:b91cceb5add79ee563bd1f70b30896bd63bc5f78a11c1f00a1e931729ca4f1f4"},
    {file = "rpds_py-0.23.1-cp313-cp313-manylinux_2_17_x86_64.manylinux2014_x86_64.whl", hash = "sha256:f3a6cb95074777f1ecda2ca4fa7717caa9ee6e534f42b7575a8f0d4cb0c24013"},
    {file = "rpds_py-0.23.1-cp313-cp313-manylinux_2_5_i686.manylinux1_i686.whl", hash = "sha256:50fb62f8d8364978478b12d5f03bf028c6bc2af04082479299139dc26edf4c64"},
    {file = "rpds_py-0.23.1-cp313-cp313-musllinux_1_2_aarch64.whl", hash = "sha256:c8f7e90b948dc9dcfff8003f1ea3af08b29c062f681c05fd798e36daa3f7e3e8"},
    {file = "rpds_py-0.23.1-cp313-cp313-musllinux_1_2_i686.whl", hash = "sha256:5b98b6c953e5c2bda51ab4d5b4f172617d462eebc7f4bfdc7c7e6b423f6da957"},
    {file = "rpds_py-0.23.1-cp313-cp313-musllinux_1_2_x86_64.whl", hash = "sha256:2893d778d4671ee627bac4037a075168b2673c57186fb1a57e993465dbd79a93"},
    {file = "rpds_py-0.23.1-cp313-cp313-win32.whl", hash = "sha256:2cfa07c346a7ad07019c33fb9a63cf3acb1f5363c33bc73014e20d9fe8b01cdd"},
    {file = "rpds_py-0.23.1-cp313-cp313-win_amd64.whl", hash = "sha256:3aaf141d39f45322e44fc2c742e4b8b4098ead5317e5f884770c8df0c332da70"},
    {file = "rpds_py-0.23.1-cp313-cp313t-macosx_10_12_x86_64.whl", hash = "sha256:759462b2d0aa5a04be5b3e37fb8183615f47014ae6b116e17036b131985cb731"},
    {file = "rpds_py-0.23.1-cp313-cp313t-macosx_11_0_arm64.whl", hash = "sha256:3e9212f52074fc9d72cf242a84063787ab8e21e0950d4d6709886fb62bcb91d5"},
    {file = "rpds_py-0.23.1-cp313-cp313t-manylinux_2_17_aarch64.manylinux2014_aarch64.whl", hash = "sha256:9e9f3a3ac919406bc0414bbbd76c6af99253c507150191ea79fab42fdb35982a"},
    {file = "rpds_py-0.23.1-cp313-cp313t-manylinux_2_17_armv7l.manylinux2014_armv7l.whl", hash = "sha256:c04ca91dda8a61584165825907f5c967ca09e9c65fe8966ee753a3f2b019fe1e"},
    {file = "rpds_py-0.23.1-cp313-cp313t-manylinux_2_17_ppc64le.manylinux2014_ppc64le.whl", hash = "sha256:4ab923167cfd945abb9b51a407407cf19f5bee35001221f2911dc85ffd35ff4f"},
    {file = "rpds_py-0.23.1-cp313-cp313t-manylinux_2_17_s390x.manylinux2014_s390x.whl", hash = "sha256:ed6f011bedca8585787e5082cce081bac3d30f54520097b2411351b3574e1219"},
    {file = "rpds_py-0.23.1-cp313-cp313t-manylinux_2_17_x86_64.manylinux2014_x86_64.whl", hash = "sha256:6959bb9928c5c999aba4a3f5a6799d571ddc2c59ff49917ecf55be2bbb4e3722"},
    {file = "rpds_py-0.23.1-cp313-cp313t-manylinux_2_5_i686.manylinux1_i686.whl", hash = "sha256:1ed7de3c86721b4e83ac440751329ec6a1102229aa18163f84c75b06b525ad7e"},
    {file = "rpds_py-0.23.1-cp313-cp313t-musllinux_1_2_aarch64.whl", hash = "sha256:5fb89edee2fa237584e532fbf78f0ddd1e49a47c7c8cfa153ab4849dc72a35e6"},
    {file = "rpds_py-0.23.1-cp313-cp313t-musllinux_1_2_i686.whl", hash = "sha256:7e5413d2e2d86025e73f05510ad23dad5950ab8417b7fc6beaad99be8077138b"},
    {file = "rpds_py-0.23.1-cp313-cp313t-musllinux_1_2_x86_64.whl", hash = "sha256:d31ed4987d72aabdf521eddfb6a72988703c091cfc0064330b9e5f8d6a042ff5"},
    {file = "rpds_py-0.23.1-cp313-cp313t-win32.whl", hash = "sha256:f3429fb8e15b20961efca8c8b21432623d85db2228cc73fe22756c6637aa39e7"},
    {file = "rpds_py-0.23.1-cp313-cp313t-win_amd64.whl", hash = "sha256:d6f6512a90bd5cd9030a6237f5346f046c6f0e40af98657568fa45695d4de59d"},
    {file = "rpds_py-0.23.1.tar.gz", hash = "sha256:7f3240dcfa14d198dba24b8b9cb3b108c06b68d45b7babd9eefc1038fdf7e707"},
]

[[package]]
name = "tomli"
version = "2.2.1"
requires_python = ">=3.8"
summary = "A lil' TOML parser"
files = [
    {file = "tomli-2.2.1-cp313-cp313-macosx_10_13_x86_64.whl", hash = "sha256:f4039b9cbc3048b2416cc57ab3bda989a6fcf9b36cf8937f01a6e731b64f80d7"},
    {file = "tomli-2.2.1-cp313-cp313-macosx_11_0_arm64.whl", hash = "sha256:286f0ca2ffeeb5b9bd4fcc8d6c330534323ec51b2f52da063b11c502da16f30c"},
    {file = "tomli-2.2.1-cp313-cp313-manylinux_2_17_aarch64.manylinux2014_aarch64.whl", hash = "sha256:a92ef1a44547e894e2a17d24e7557a5e85a9e1d0048b0b5e7541f76c5032cb13"},
    {file = "tomli-2.2.1-cp313-cp313-manylinux_2_17_x86_64.manylinux2014_x86_64.whl", hash = "sha256:9316dc65bed1684c9a98ee68759ceaed29d229e985297003e494aa825ebb0281"},
    {file = "tomli-2.2.1-cp313-cp313-manylinux_2_5_i686.manylinux1_i686.manylinux_2_17_i686.manylinux2014_i686.whl", hash = "sha256:e85e99945e688e32d5a35c1ff38ed0b3f41f43fad8df0bdf79f72b2ba7bc5272"},
    {file = "tomli-2.2.1-cp313-cp313-musllinux_1_2_aarch64.whl", hash = "sha256:ac065718db92ca818f8d6141b5f66369833d4a80a9d74435a268c52bdfa73140"},
    {file = "tomli-2.2.1-cp313-cp313-musllinux_1_2_i686.whl", hash = "sha256:d920f33822747519673ee656a4b6ac33e382eca9d331c87770faa3eef562aeb2"},
    {file = "tomli-2.2.1-cp313-cp313-musllinux_1_2_x86_64.whl", hash = "sha256:a198f10c4d1b1375d7687bc25294306e551bf1abfa4eace6650070a5c1ae2744"},
    {file = "tomli-2.2.1-cp313-cp313-win32.whl", hash = "sha256:d3f5614314d758649ab2ab3a62d4f2004c825922f9e370b29416484086b264ec"},
    {file = "tomli-2.2.1-cp313-cp313-win_amd64.whl", hash = "sha256:a38aa0308e754b0e3c67e344754dff64999ff9b513e691d0e786265c93583c69"},
    {file = "tomli-2.2.1-py3-none-any.whl", hash = "sha256:cb55c73c5f4408779d0cf3eef9f762b9c9f147a77de7b258bef0a5628adc85cc"},
    {file = "tomli-2.2.1.tar.gz", hash = "sha256:cd45e1dc79c835ce60f7404ec8119f2eb06d38b1deba146f07ced3bbc44505ff"},
]

[[package]]
name = "typing-extensions"
version = "4.12.2"
requires_python = ">=3.8"
summary = "Backported and Experimental Type Hints for Python 3.8+"
files = [
    {file = "typing_extensions-4.12.2-py3-none-any.whl", hash = "sha256:04e5ca0351e0f3f85c6853954072df659d0d13fac324d0072316b67d7794700d"},
    {file = "typing_extensions-4.12.2.tar.gz", hash = "sha256:1a7ead55c7e559dd4dee8856e3a88b41225abfe1ce8df57b7c13915fe121ffb8"},
]

[[package]]
name = "typing-inspection"
version = "0.4.0"
requires_python = ">=3.9"
summary = "Runtime typing introspection tools"
dependencies = [
    "typing-extensions>=4.12.0",
]
files = [
    {file = "typing_inspection-0.4.0-py3-none-any.whl", hash = "sha256:50e72559fcd2a6367a19f7a7e610e6afcb9fac940c650290eed893d61386832f"},
    {file = "typing_inspection-0.4.0.tar.gz", hash = "sha256:9765c87de36671694a67904bf2c96e395be9c6439bb6c87b5142569dcdd65122"},
]

[[package]]
name = "urllib3"
version = "2.3.0"
requires_python = ">=3.9"
summary = "HTTP library with thread-safe connection pooling, file post, and more."
files = [
    {file = "urllib3-2.3.0-py3-none-any.whl", hash = "sha256:1cee9ad369867bfdbbb48b7dd50374c0967a0bb7710050facf0dd6911440e3df"},
    {file = "urllib3-2.3.0.tar.gz", hash = "sha256:f8c5449b3cf0861679ce7e0503c7b44b5ec981bec0d1d3795a07f1ba96f0204d"},
]

[[package]]
name = "wasmtime"
version = "30.0.0"
requires_python = ">=3.9"
summary = "A WebAssembly runtime powered by Wasmtime"
dependencies = [
    "importlib-resources>=5.10",
]
files = [
    {file = "wasmtime-30.0.0-py3-none-macosx_10_13_x86_64.whl", hash = "sha256:578378ab33c9b046e74d44461eedd6fe4e4fca8522caa7f251123490263dabbf"},
    {file = "wasmtime-30.0.0-py3-none-macosx_11_0_arm64.whl", hash = "sha256:71423e8f56f7376ef1e5e2f560f2c51818213fc5d6f1a10dcf1d46b337cf9476"},
    {file = "wasmtime-30.0.0-py3-none-manylinux1_x86_64.whl", hash = "sha256:26af8a74e0f5786ee01ec8398621a268e6696d3b8e25d66f5d0ec931357f683a"},
    {file = "wasmtime-30.0.0-py3-none-manylinux2014_aarch64.whl", hash = "sha256:cac51ab4e91a2f44bdae88153859cef72a0c47438ef976ab18d90fa12d0c354e"},
    {file = "wasmtime-30.0.0-py3-none-musllinux_1_2_x86_64.whl", hash = "sha256:3964f0cf115e3c8dbd120a2b0eda6744fda10648a9e465930b81bdc876bcba36"},
    {file = "wasmtime-30.0.0-py3-none-win_amd64.whl", hash = "sha256:651d8c0fa75b10840906a96530bac09937af7510a38346e1d0391f0240057f58"},
    {file = "wasmtime-30.0.0-py3-none-win_arm64.whl", hash = "sha256:0fcc47ca1b5ccc303167e58a89c2b9865928d8c024ee1481a4f2cf75dcc4eb70"},
]

[[package]]
name = "yowasp-nextpnr-ecp5"
version = "0.7.0.177.post611.dev0"
summary = "nextpnr-ecp5 FPGA place and route tool"
dependencies = [
    "yowasp-runtime~=1.1",
]
files = [
    {file = "yowasp_nextpnr_ecp5-0.7.0.177.post611.dev0-py3-none-any.whl", hash = "sha256:eb8623a6f3c8ef38450e7e0721310986569db269f8757fef31da0283b98d79de"},
]

[[package]]
name = "yowasp-runtime"
version = "1.70"
requires_python = "~=3.8"
summary = "Common runtime for YoWASP packages"
dependencies = [
    "importlib-resources; python_version < \"3.9\"",
    "platformdirs<5,>=3.0",
    "wasmtime<31,>=21.0.0",
]
files = [
    {file = "yowasp_runtime-1.70-py3-none-any.whl", hash = "sha256:4164f2ff88303040ee26590bea14cb443e0a968c5424cf3f9af0c73c3895478c"},
]

[[package]]
name = "yowasp-yosys"
version = "0.50.0.0.post858"
summary = "Yosys Open SYnthesis Suite"
dependencies = [
    "click",
    "importlib-resources; python_version < \"3.9\"",
    "yowasp-runtime~=1.12",
]
files = [
    {file = "yowasp_yosys-0.50.0.0.post858-py3-none-any.whl", hash = "sha256:05eb4107600c27146c83244b40afbdcec852d94783c57bc710c063e9e2bc68e2"},
]

[[package]]
name = "ziglang"
version = "0.11.0"
requires_python = "~=3.5"
summary = "       Zig is a general-purpose programming language and toolchain for\nmaintaining robust, optimal, and reusable software."
files = [
    {file = "ziglang-0.11.0-py3-none-macosx_10_9_x86_64.whl", hash = "sha256:bd046eeab97ad51048575768f6dae10468b3a4449f4467ed61dae621faf6ee55"},
    {file = "ziglang-0.11.0-py3-none-macosx_11_0_arm64.whl", hash = "sha256:038b95cac9adef0c6dce9b72bdad895a0e4e0654c77c4a8f84fe79d2909a366e"},
    {file = "ziglang-0.11.0-py3-none-manylinux_2_12_i686.manylinux2010_i686.musllinux_1_1_i686.whl", hash = "sha256:4f848c8cca520cb12357cfa3d303bf1149a30566f4c1e5999284dbdf921cc2b8"},
    {file = "ziglang-0.11.0-py3-none-manylinux_2_12_x86_64.manylinux2010_x86_64.musllinux_1_1_x86_64.whl", hash = "sha256:45e8116428267e20529b9ee43a7e7364791c1a092845d2143b248a1dbf6760b0"},
    {file = "ziglang-0.11.0-py3-none-manylinux_2_17_aarch64.manylinux2014_aarch64.musllinux_1_1_aarch64.whl", hash = "sha256:d6372bada34714a5395539cc4d76e9cc6062739cee5ce9949a250f7c525ceb94"},
    {file = "ziglang-0.11.0-py3-none-manylinux_2_17_armv7l.manylinux2014_armv7l.musllinux_1_1_armv7l.whl", hash = "sha256:5fe81f91fd872fc32ed0f82807df6c680a82cbea56a9f24f818e9da299049022"},
    {file = "ziglang-0.11.0-py3-none-win32.whl", hash = "sha256:97ac4312a358d2a4ba2c153fdb1827caf6bc158501a468ebd6a554b50edee42e"},
    {file = "ziglang-0.11.0-py3-none-win_amd64.whl", hash = "sha256:a7edc7020e7ffbbb3af3a40c17a9bda65d5a65132ff933e153ffa80d8f5ad731"},
]

[[package]]
name = "zipp"
version = "3.21.0"
requires_python = ">=3.9"
summary = "Backport of pathlib-compatible object wrapper for zip files"
files = [
    {file = "zipp-3.21.0-py3-none-any.whl", hash = "sha256:ac1bbe05fd2991f160ebce24ffbac5f6d11d83dc90891255885223d42b3cd931"},
    {file = "zipp-3.21.0.tar.gz", hash = "sha256:2c9958f6430a2040341a52eb608ed6dd93ef4392e02ffe219417c1b28b5dd1f4"},
]
